
Microsoft Visual Studio Solution File, Format Version 12.00
# Visual Studio Version 16
VisualStudioVersion = 16.0.31205.134
MinimumVisualStudioVersion = 10.0.40219.1
Project("{8BC9CEB8-8B4A-11D0-8D11-00A0C91BC942}") = "01-Iterator", "01-Iterator\01-Iterator.vcxproj", "{3DADEE66-1D79-4654-852E-760B9569B264}"
EndProject
Project("{2150E333-8FDC-42A3-9474-1A3956D46DE8}") = "Solution Items", "Solution Items", "{44AFEAC6-0CD5-4B72-BBD6-AAF442B67C93}"
	ProjectSection(SolutionItems) = preProject
		README.md = README.md
	EndProjectSection
EndProject
Project("{8BC9CEB8-8B4A-11D0-8D11-00A0C91BC942}") = "02-Adapter(Class)", "02-Adapter(Class)\02-Adapter(Class).vcxproj", "{9C4F3201-476A-4D7C-A8FB-3D4104B48B23}"
EndProject
Project("{8BC9CEB8-8B4A-11D0-8D11-00A0C91BC942}") = "02-Adapter(Object)", "02-Adapter(Object)\02-Adapter(Object).vcxproj", "{B0848B20-05EB-4338-8F28-1015F22DE572}"
EndProject
Project("{8BC9CEB8-8B4A-11D0-8D11-00A0C91BC942}") = "03-Template Method", "03-Template Method\03-Template Method.vcxproj", "{8A3C4074-B44F-4A81-A582-B51885A0D2DB}"
EndProject
Project("{8BC9CEB8-8B4A-11D0-8D11-00A0C91BC942}") = "04-Factory Method", "04-Factory Method\04-Factory Method.vcxproj", "{67B47FD4-A4E8-4DCF-A131-35425C4412CB}"
EndProject
Project("{8BC9CEB8-8B4A-11D0-8D11-00A0C91BC942}") = "05-Singleton", "05-Singleton\05-Singleton.vcxproj", "{7EF0637E-5231-44A5-B466-0F4EC6B96618}"
EndProject
Project("{8BC9CEB8-8B4A-11D0-8D11-00A0C91BC942}") = "06-Prototype", "06-Prototype\06-Prototype.vcxproj", "{85E2C176-ADBC-4AA8-A575-9C6183DD2221}"
EndProject
Project("{8BC9CEB8-8B4A-11D0-8D11-00A0C91BC942}") = "07-Builder", "07-Builder\07-Builder.vcxproj", "{DF8DD0C9-7DBA-42C1-BC28-188626925467}"
EndProject
Project("{8BC9CEB8-8B4A-11D0-8D11-00A0C91BC942}") = "08-Abstract Factory", "08-Abstract Factory\08-Abstract Factory.vcxproj", "{A7FF122F-C5E3-4EAC-B626-A7FFC1A8FED5}"
EndProject
Project("{8BC9CEB8-8B4A-11D0-8D11-00A0C91BC942}") = "09-Bridge", "09-Bridge\09-Bridge.vcxproj", "{B346D8C4-D710-4AF1-A1BB-BDD5FE56B1B2}"
EndProject
Project("{8BC9CEB8-8B4A-11D0-8D11-00A0C91BC942}") = "10-Strategy", "10-Strategy\10-Strategy.vcxproj", "{67A1CE69-28B1-41AB-B4F8-1EBB2F94BEF8}"
EndProject
Project("{8BC9CEB8-8B4A-11D0-8D11-00A0C91BC942}") = "11-Composite", "11-Composite\11-Composite.vcxproj", "{33EF598B-650E-4BBC-967B-DC802C92DF31}"
EndProject
Project("{8BC9CEB8-8B4A-11D0-8D11-00A0C91BC942}") = "12-Decorator", "12-Decorator\12-Decorator.vcxproj", "{8A2F5843-5C62-43AE-BABF-267755947047}"
EndProject
Project("{8BC9CEB8-8B4A-11D0-8D11-00A0C91BC942}") = "13-Visitor", "13-Visitor\13-Visitor.vcxproj", "{02EB9507-5582-4BDC-8690-818421A63E50}"
EndProject
Project("{8BC9CEB8-8B4A-11D0-8D11-00A0C91BC942}") = "14-Chain of Responsibility", "14-Chain of Responsibility\14-Chain of Responsibility.vcxproj", "{EDAA5B44-FC6C-46E2-AEBA-8C49BAEF2CAD}"
EndProject
Project("{8BC9CEB8-8B4A-11D0-8D11-00A0C91BC942}") = "15-Facade", "15-Facade\15-Facade.vcxproj", "{F59866B5-2682-47B6-B525-D4928E0D73F9}"
EndProject
Project("{8BC9CEB8-8B4A-11D0-8D11-00A0C91BC942}") = "17-Observer", "17-Observer\17-Observer.vcxproj", "{8DD10859-9DEC-4ACF-889F-5CCDC78D690C}"
EndProject
Project("{8BC9CEB8-8B4A-11D0-8D11-00A0C91BC942}") = "18-Memento", "18-Memento\18-Memento.vcxproj", "{AE933E40-CC21-453D-A270-30CEB2111BE1}"
EndProject
Project("{8BC9CEB8-8B4A-11D0-8D11-00A0C91BC942}") = "20-Flyweight", "20-Flyweight\20-Flyweight.vcxproj", "{B45123AC-53F2-408A-89C6-557355CFAFCC}"
EndProject
Global
	GlobalSection(SolutionConfigurationPlatforms) = preSolution
		Debug|x64 = Debug|x64
		Debug|x86 = Debug|x86
		Release|x64 = Release|x64
		Release|x86 = Release|x86
	EndGlobalSection
	GlobalSection(ProjectConfigurationPlatforms) = postSolution
		{3DADEE66-1D79-4654-852E-760B9569B264}.Debug|x64.ActiveCfg = Debug|x64
		{3DADEE66-1D79-4654-852E-760B9569B264}.Debug|x64.Build.0 = Debug|x64
		{3DADEE66-1D79-4654-852E-760B9569B264}.Debug|x86.ActiveCfg = Debug|Win32
		{3DADEE66-1D79-4654-852E-760B9569B264}.Debug|x86.Build.0 = Debug|Win32
		{3DADEE66-1D79-4654-852E-760B9569B264}.Release|x64.ActiveCfg = Release|x64
		{3DADEE66-1D79-4654-852E-760B9569B264}.Release|x64.Build.0 = Release|x64
		{3DADEE66-1D79-4654-852E-760B9569B264}.Release|x86.ActiveCfg = Release|Win32
		{3DADEE66-1D79-4654-852E-760B9569B264}.Release|x86.Build.0 = Release|Win32
		{9C4F3201-476A-4D7C-A8FB-3D4104B48B23}.Debug|x64.ActiveCfg = Debug|x64
		{9C4F3201-476A-4D7C-A8FB-3D4104B48B23}.Debug|x64.Build.0 = Debug|x64
		{9C4F3201-476A-4D7C-A8FB-3D4104B48B23}.Debug|x86.ActiveCfg = Debug|Win32
		{9C4F3201-476A-4D7C-A8FB-3D4104B48B23}.Debug|x86.Build.0 = Debug|Win32
		{9C4F3201-476A-4D7C-A8FB-3D4104B48B23}.Release|x64.ActiveCfg = Release|x64
		{9C4F3201-476A-4D7C-A8FB-3D4104B48B23}.Release|x64.Build.0 = Release|x64
		{9C4F3201-476A-4D7C-A8FB-3D4104B48B23}.Release|x86.ActiveCfg = Release|Win32
		{9C4F3201-476A-4D7C-A8FB-3D4104B48B23}.Release|x86.Build.0 = Release|Win32
		{B0848B20-05EB-4338-8F28-1015F22DE572}.Debug|x64.ActiveCfg = Debug|x64
		{B0848B20-05EB-4338-8F28-1015F22DE572}.Debug|x64.Build.0 = Debug|x64
		{B0848B20-05EB-4338-8F28-1015F22DE572}.Debug|x86.ActiveCfg = Debug|Win32
		{B0848B20-05EB-4338-8F28-1015F22DE572}.Debug|x86.Build.0 = Debug|Win32
		{B0848B20-05EB-4338-8F28-1015F22DE572}.Release|x64.ActiveCfg = Release|x64
		{B0848B20-05EB-4338-8F28-1015F22DE572}.Release|x64.Build.0 = Release|x64
		{B0848B20-05EB-4338-8F28-1015F22DE572}.Release|x86.ActiveCfg = Release|Win32
		{B0848B20-05EB-4338-8F28-1015F22DE572}.Release|x86.Build.0 = Release|Win32
		{8A3C4074-B44F-4A81-A582-B51885A0D2DB}.Debug|x64.ActiveCfg = Debug|x64
		{8A3C4074-B44F-4A81-A582-B51885A0D2DB}.Debug|x64.Build.0 = Debug|x64
		{8A3C4074-B44F-4A81-A582-B51885A0D2DB}.Debug|x86.ActiveCfg = Debug|Win32
		{8A3C4074-B44F-4A81-A582-B51885A0D2DB}.Debug|x86.Build.0 = Debug|Win32
		{8A3C4074-B44F-4A81-A582-B51885A0D2DB}.Release|x64.ActiveCfg = Release|x64
		{8A3C4074-B44F-4A81-A582-B51885A0D2DB}.Release|x64.Build.0 = Release|x64
		{8A3C4074-B44F-4A81-A582-B51885A0D2DB}.Release|x86.ActiveCfg = Release|Win32
		{8A3C4074-B44F-4A81-A582-B51885A0D2DB}.Release|x86.Build.0 = Release|Win32
		{67B47FD4-A4E8-4DCF-A131-35425C4412CB}.Debug|x64.ActiveCfg = Debug|x64
		{67B47FD4-A4E8-4DCF-A131-35425C4412CB}.Debug|x64.Build.0 = Debug|x64
		{67B47FD4-A4E8-4DCF-A131-35425C4412CB}.Debug|x86.ActiveCfg = Debug|Win32
		{67B47FD4-A4E8-4DCF-A131-35425C4412CB}.Debug|x86.Build.0 = Debug|Win32
		{67B47FD4-A4E8-4DCF-A131-35425C4412CB}.Release|x64.ActiveCfg = Release|x64
		{67B47FD4-A4E8-4DCF-A131-35425C4412CB}.Release|x64.Build.0 = Release|x64
		{67B47FD4-A4E8-4DCF-A131-35425C4412CB}.Release|x86.ActiveCfg = Release|Win32
		{67B47FD4-A4E8-4DCF-A131-35425C4412CB}.Release|x86.Build.0 = Release|Win32
		{7EF0637E-5231-44A5-B466-0F4EC6B96618}.Debug|x64.ActiveCfg = Debug|x64
		{7EF0637E-5231-44A5-B466-0F4EC6B96618}.Debug|x64.Build.0 = Debug|x64
		{7EF0637E-5231-44A5-B466-0F4EC6B96618}.Debug|x86.ActiveCfg = Debug|Win32
		{7EF0637E-5231-44A5-B466-0F4EC6B96618}.Debug|x86.Build.0 = Debug|Win32
		{7EF0637E-5231-44A5-B466-0F4EC6B96618}.Release|x64.ActiveCfg = Release|x64
		{7EF0637E-5231-44A5-B466-0F4EC6B96618}.Release|x64.Build.0 = Release|x64
		{7EF0637E-5231-44A5-B466-0F4EC6B96618}.Release|x86.ActiveCfg = Release|Win32
		{7EF0637E-5231-44A5-B466-0F4EC6B96618}.Release|x86.Build.0 = Release|Win32
		{85E2C176-ADBC-4AA8-A575-9C6183DD2221}.Debug|x64.ActiveCfg = Debug|x64
		{85E2C176-ADBC-4AA8-A575-9C6183DD2221}.Debug|x64.Build.0 = Debug|x64
		{85E2C176-ADBC-4AA8-A575-9C6183DD2221}.Debug|x86.ActiveCfg = Debug|Win32
		{85E2C176-ADBC-4AA8-A575-9C6183DD2221}.Debug|x86.Build.0 = Debug|Win32
		{85E2C176-ADBC-4AA8-A575-9C6183DD2221}.Release|x64.ActiveCfg = Release|x64
		{85E2C176-ADBC-4AA8-A575-9C6183DD2221}.Release|x64.Build.0 = Release|x64
		{85E2C176-ADBC-4AA8-A575-9C6183DD2221}.Release|x86.ActiveCfg = Release|Win32
		{85E2C176-ADBC-4AA8-A575-9C6183DD2221}.Release|x86.Build.0 = Release|Win32
		{DF8DD0C9-7DBA-42C1-BC28-188626925467}.Debug|x64.ActiveCfg = Debug|x64
		{DF8DD0C9-7DBA-42C1-BC28-188626925467}.Debug|x64.Build.0 = Debug|x64
		{DF8DD0C9-7DBA-42C1-BC28-188626925467}.Debug|x86.ActiveCfg = Debug|Win32
		{DF8DD0C9-7DBA-42C1-BC28-188626925467}.Debug|x86.Build.0 = Debug|Win32
		{DF8DD0C9-7DBA-42C1-BC28-188626925467}.Release|x64.ActiveCfg = Release|x64
		{DF8DD0C9-7DBA-42C1-BC28-188626925467}.Release|x64.Build.0 = Release|x64
		{DF8DD0C9-7DBA-42C1-BC28-188626925467}.Release|x86.ActiveCfg = Release|Win32
		{DF8DD0C9-7DBA-42C1-BC28-188626925467}.Release|x86.Build.0 = Release|Win32
		{A7FF122F-C5E3-4EAC-B626-A7FFC1A8FED5}.Debug|x64.ActiveCfg = Debug|x64
		{A7FF122F-C5E3-4EAC-B626-A7FFC1A8FED5}.Debug|x64.Build.0 = Debug|x64
		{A7FF122F-C5E3-4EAC-B626-A7FFC1A8FED5}.Debug|x86.ActiveCfg = Debug|Win32
		{A7FF122F-C5E3-4EAC-B626-A7FFC1A8FED5}.Debug|x86.Build.0 = Debug|Win32
		{A7FF122F-C5E3-4EAC-B626-A7FFC1A8FED5}.Release|x64.ActiveCfg = Release|x64
		{A7FF122F-C5E3-4EAC-B626-A7FFC1A8FED5}.Release|x64.Build.0 = Release|x64
		{A7FF122F-C5E3-4EAC-B626-A7FFC1A8FED5}.Release|x86.ActiveCfg = Release|Win32
		{A7FF122F-C5E3-4EAC-B626-A7FFC1A8FED5}.Release|x86.Build.0 = Release|Win32
		{B346D8C4-D710-4AF1-A1BB-BDD5FE56B1B2}.Debug|x64.ActiveCfg = Debug|x64
		{B346D8C4-D710-4AF1-A1BB-BDD5FE56B1B2}.Debug|x64.Build.0 = Debug|x64
		{B346D8C4-D710-4AF1-A1BB-BDD5FE56B1B2}.Debug|x86.ActiveCfg = Debug|Win32
		{B346D8C4-D710-4AF1-A1BB-BDD5FE56B1B2}.Debug|x86.Build.0 = Debug|Win32
		{B346D8C4-D710-4AF1-A1BB-BDD5FE56B1B2}.Release|x64.ActiveCfg = Release|x64
		{B346D8C4-D710-4AF1-A1BB-BDD5FE56B1B2}.Release|x64.Build.0 = Release|x64
		{B346D8C4-D710-4AF1-A1BB-BDD5FE56B1B2}.Release|x86.ActiveCfg = Release|Win32
		{B346D8C4-D710-4AF1-A1BB-BDD5FE56B1B2}.Release|x86.Build.0 = Release|Win32
		{67A1CE69-28B1-41AB-B4F8-1EBB2F94BEF8}.Debug|x64.ActiveCfg = Debug|x64
		{67A1CE69-28B1-41AB-B4F8-1EBB2F94BEF8}.Debug|x64.Build.0 = Debug|x64
		{67A1CE69-28B1-41AB-B4F8-1EBB2F94BEF8}.Debug|x86.ActiveCfg = Debug|Win32
		{67A1CE69-28B1-41AB-B4F8-1EBB2F94BEF8}.Debug|x86.Build.0 = Debug|Win32
		{67A1CE69-28B1-41AB-B4F8-1EBB2F94BEF8}.Release|x64.ActiveCfg = Release|x64
		{67A1CE69-28B1-41AB-B4F8-1EBB2F94BEF8}.Release|x64.Build.0 = Release|x64
		{67A1CE69-28B1-41AB-B4F8-1EBB2F94BEF8}.Release|x86.ActiveCfg = Release|Win32
		{67A1CE69-28B1-41AB-B4F8-1EBB2F94BEF8}.Release|x86.Build.0 = Release|Win32
		{33EF598B-650E-4BBC-967B-DC802C92DF31}.Debug|x64.ActiveCfg = Debug|x64
		{33EF598B-650E-4BBC-967B-DC802C92DF31}.Debug|x64.Build.0 = Debug|x64
		{33EF598B-650E-4BBC-967B-DC802C92DF31}.Debug|x86.ActiveCfg = Debug|Win32
		{33EF598B-650E-4BBC-967B-DC802C92DF31}.Debug|x86.Build.0 = Debug|Win32
		{33EF598B-650E-4BBC-967B-DC802C92DF31}.Release|x64.ActiveCfg = Release|x64
		{33EF598B-650E-4BBC-967B-DC802C92DF31}.Release|x64.Build.0 = Release|x64
		{33EF598B-650E-4BBC-967B-DC802C92DF31}.Release|x86.ActiveCfg = Release|Win32
		{33EF598B-650E-4BBC-967B-DC802C92DF31}.Release|x86.Build.0 = Release|Win32
		{8A2F5843-5C62-43AE-BABF-267755947047}.Debug|x64.ActiveCfg = Debug|x64
		{8A2F5843-5C62-43AE-BABF-267755947047}.Debug|x64.Build.0 = Debug|x64
		{8A2F5843-5C62-43AE-BABF-267755947047}.Debug|x86.ActiveCfg = Debug|Win32
		{8A2F5843-5C62-43AE-BABF-267755947047}.Debug|x86.Build.0 = Debug|Win32
		{8A2F5843-5C62-43AE-BABF-267755947047}.Release|x64.ActiveCfg = Release|x64
		{8A2F5843-5C62-43AE-BABF-267755947047}.Release|x64.Build.0 = Release|x64
		{8A2F5843-5C62-43AE-BABF-267755947047}.Release|x86.ActiveCfg = Release|Win32
		{8A2F5843-5C62-43AE-BABF-267755947047}.Release|x86.Build.0 = Release|Win32
		{02EB9507-5582-4BDC-8690-818421A63E50}.Debug|x64.ActiveCfg = Debug|x64
		{02EB9507-5582-4BDC-8690-818421A63E50}.Debug|x64.Build.0 = Debug|x64
		{02EB9507-5582-4BDC-8690-818421A63E50}.Debug|x86.ActiveCfg = Debug|Win32
		{02EB9507-5582-4BDC-8690-818421A63E50}.Debug|x86.Build.0 = Debug|Win32
		{02EB9507-5582-4BDC-8690-818421A63E50}.Release|x64.ActiveCfg = Release|x64
		{02EB9507-5582-4BDC-8690-818421A63E50}.Release|x64.Build.0 = Release|x64
		{02EB9507-5582-4BDC-8690-818421A63E50}.Release|x86.ActiveCfg = Release|Win32
		{02EB9507-5582-4BDC-8690-818421A63E50}.Release|x86.Build.0 = Release|Win32
		{EDAA5B44-FC6C-46E2-AEBA-8C49BAEF2CAD}.Debug|x64.ActiveCfg = Debug|x64
		{EDAA5B44-FC6C-46E2-AEBA-8C49BAEF2CAD}.Debug|x64.Build.0 = Debug|x64
		{EDAA5B44-FC6C-46E2-AEBA-8C49BAEF2CAD}.Debug|x86.ActiveCfg = Debug|Win32
		{EDAA5B44-FC6C-46E2-AEBA-8C49BAEF2CAD}.Debug|x86.Build.0 = Debug|Win32
		{EDAA5B44-FC6C-46E2-AEBA-8C49BAEF2CAD}.Release|x64.ActiveCfg = Release|x64
		{EDAA5B44-FC6C-46E2-AEBA-8C49BAEF2CAD}.Release|x64.Build.0 = Release|x64
		{EDAA5B44-FC6C-46E2-AEBA-8C49BAEF2CAD}.Release|x86.ActiveCfg = Release|Win32
		{EDAA5B44-FC6C-46E2-AEBA-8C49BAEF2CAD}.Release|x86.Build.0 = Release|Win32
		{F59866B5-2682-47B6-B525-D4928E0D73F9}.Debug|x64.ActiveCfg = Debug|x64
		{F59866B5-2682-47B6-B525-D4928E0D73F9}.Debug|x64.Build.0 = Debug|x64
		{F59866B5-2682-47B6-B525-D4928E0D73F9}.Debug|x86.ActiveCfg = Debug|Win32
		{F59866B5-2682-47B6-B525-D4928E0D73F9}.Debug|x86.Build.0 = Debug|Win32
		{F59866B5-2682-47B6-B525-D4928E0D73F9}.Release|x64.ActiveCfg = Release|x64
		{F59866B5-2682-47B6-B525-D4928E0D73F9}.Release|x64.Build.0 = Release|x64
		{F59866B5-2682-47B6-B525-D4928E0D73F9}.Release|x86.ActiveCfg = Release|Win32
		{F59866B5-2682-47B6-B525-D4928E0D73F9}.Release|x86.Build.0 = Release|Win32
		{8DD10859-9DEC-4ACF-889F-5CCDC78D690C}.Debug|x64.ActiveCfg = Debug|x64
		{8DD10859-9DEC-4ACF-889F-5CCDC78D690C}.Debug|x64.Build.0 = Debug|x64
		{8DD10859-9DEC-4ACF-889F-5CCDC78D690C}.Debug|x86.ActiveCfg = Debug|Win32
		{8DD10859-9DEC-4ACF-889F-5CCDC78D690C}.Debug|x86.Build.0 = Debug|Win32
		{8DD10859-9DEC-4ACF-889F-5CCDC78D690C}.Release|x64.ActiveCfg = Release|x64
		{8DD10859-9DEC-4ACF-889F-5CCDC78D690C}.Release|x64.Build.0 = Release|x64
		{8DD10859-9DEC-4ACF-889F-5CCDC78D690C}.Release|x86.ActiveCfg = Release|Win32
		{8DD10859-9DEC-4ACF-889F-5CCDC78D690C}.Release|x86.Build.0 = Release|Win32
		{AE933E40-CC21-453D-A270-30CEB2111BE1}.Debug|x64.ActiveCfg = Debug|x64
		{AE933E40-CC21-453D-A270-30CEB2111BE1}.Debug|x64.Build.0 = Debug|x64
		{AE933E40-CC21-453D-A270-30CEB2111BE1}.Debug|x86.ActiveCfg = Debug|Win32
		{AE933E40-CC21-453D-A270-30CEB2111BE1}.Debug|x86.Build.0 = Debug|Win32
		{AE933E40-CC21-453D-A270-30CEB2111BE1}.Release|x64.ActiveCfg = Release|x64
		{AE933E40-CC21-453D-A270-30CEB2111BE1}.Release|x64.Build.0 = Release|x64
		{AE933E40-CC21-453D-A270-30CEB2111BE1}.Release|x86.ActiveCfg = Release|Win32
		{AE933E40-CC21-453D-A270-30CEB2111BE1}.Release|x86.Build.0 = Release|Win32
		{B45123AC-53F2-408A-89C6-557355CFAFCC}.Debug|x64.ActiveCfg = Debug|x64
		{B45123AC-53F2-408A-89C6-557355CFAFCC}.Debug|x64.Build.0 = Debug|x64
		{B45123AC-53F2-408A-89C6-557355CFAFCC}.Debug|x86.ActiveCfg = Debug|Win32
		{B45123AC-53F2-408A-89C6-557355CFAFCC}.Debug|x86.Build.0 = Debug|Win32
		{B45123AC-53F2-408A-89C6-557355CFAFCC}.Release|x64.ActiveCfg = Release|x64
		{B45123AC-53F2-408A-89C6-557355CFAFCC}.Release|x64.Build.0 = Release|x64
		{B45123AC-53F2-408A-89C6-557355CFAFCC}.Release|x86.ActiveCfg = Release|Win32
		{B45123AC-53F2-408A-89C6-557355CFAFCC}.Release|x86.Build.0 = Release|Win32
	EndGlobalSection
	GlobalSection(SolutionProperties) = preSolution
		HideSolutionNode = FALSE
	EndGlobalSection
	GlobalSection(ExtensibilityGlobals) = postSolution
		SolutionGuid = {E57DE6DD-5FA2-4AF3-AA94-99F8ABAE6632}
	EndGlobalSection
EndGlobal
